// !$*UTF8*$!
{
	archiveVersion = 1;
	classes = {
	};
	objectVersion = 46;
	objects = {

/* Begin PBXBuildFile section */
		1804550411D2CAB700C48934 /* TimeCards.xib in Resources */ = {isa = PBXBuildFile; fileRef = 1804550011D2CAB700C48934 /* TimeCards.xib */; };
		1804550511D2CAB700C48934 /* MainWindow.xib in Resources */ = {isa = PBXBuildFile; fileRef = 1804550211D2CAB700C48934 /* MainWindow.xib */; };
		1D3623260D0F684500981E51 /* TimeCardsAppDelegate.m in Sources */ = {isa = PBXBuildFile; fileRef = 1D3623250D0F684500981E51 /* TimeCardsAppDelegate.m */; };
		1D60589B0D05DD56006BFB54 /* main.m in Sources */ = {isa = PBXBuildFile; fileRef = 29B97316FDCFA39411CA2CEA /* main.m */; };
		1D60589F0D05DD5A006BFB54 /* Foundation.framework in Frameworks */ = {isa = PBXBuildFile; fileRef = 1D30AB110D05D00D00671497 /* Foundation.framework */; };
		1DF5F4E00D08C38300B7A737 /* UIKit.framework in Frameworks */ = {isa = PBXBuildFile; fileRef = 1DF5F4DF0D08C38300B7A737 /* UIKit.framework */; };
		289ED5050DB92497003600B4 /* MyViewController.m in Sources */ = {isa = PBXBuildFile; fileRef = 289ED5040DB92497003600B4 /* MyViewController.m */; };
		E4A7C3C71962595400A99C46 /* View2.m in Sources */ = {isa = PBXBuildFile; fileRef = E4A7C3C51962595400A99C46 /* View2.m */; };
		E4A7C3C81962595400A99C46 /* View2.xib in Resources */ = {isa = PBXBuildFile; fileRef = E4A7C3C61962595400A99C46 /* View2.xib */; };
		E4A87DC8196CD16B006FAE74 /* View4.m in Sources */ = {isa = PBXBuildFile; fileRef = E4A87DC6196CD16B006FAE74 /* View4.m */; };
		E4A87DC9196CD16B006FAE74 /* View4.xib in Resources */ = {isa = PBXBuildFile; fileRef = E4A87DC7196CD16B006FAE74 /* View4.xib */; };
		E4A89F9E196395F6005D62DA /* Education_(Civ5).png in Resources */ = {isa = PBXBuildFile; fileRef = E4A89F9C196395F6005D62DA /* Education_(Civ5).png */; };
		E4A89F9F196395F6005D62DA /* q11115524.jpg in Resources */ = {isa = PBXBuildFile; fileRef = E4A89F9D196395F6005D62DA /* q11115524.jpg */; };
		E4BC22E31966569F004504A0 /* View3.m in Sources */ = {isa = PBXBuildFile; fileRef = E4BC22E11966569F004504A0 /* View3.m */; };
		E4BC22E41966569F004504A0 /* View3.xib in Resources */ = {isa = PBXBuildFile; fileRef = E4BC22E21966569F004504A0 /* View3.xib */; };
		E4C150271967E0F0009D7549 /* DataClass.m in Sources */ = {isa = PBXBuildFile; fileRef = E4C150261967E0F0009D7549 /* DataClass.m */; };
/* End PBXBuildFile section */

/* Begin PBXFileReference section */
		1804550111D2CAB700C48934 /* en */ = {isa = PBXFileReference; lastKnownFileType = file.xib; name = en; path = en.lproj/TimeCards.xib; sourceTree = "<group>"; };
		1804550311D2CAB700C48934 /* en */ = {isa = PBXFileReference; lastKnownFileType = file.xib; name = en; path = en.lproj/MainWindow.xib; sourceTree = "<group>"; };
		1D30AB110D05D00D00671497 /* Foundation.framework */ = {isa = PBXFileReference; lastKnownFileType = wrapper.framework; name = Foundation.framework; path = System/Library/Frameworks/Foundation.framework; sourceTree = SDKROOT; };
		1D3623240D0F684500981E51 /* TimeCardsAppDelegate.h */ = {isa = PBXFileReference; fileEncoding = 4; lastKnownFileType = sourcecode.c.h; path = TimeCardsAppDelegate.h; sourceTree = "<group>"; };
		1D3623250D0F684500981E51 /* TimeCardsAppDelegate.m */ = {isa = PBXFileReference; fileEncoding = 4; lastKnownFileType = sourcecode.c.objc; path = TimeCardsAppDelegate.m; sourceTree = "<group>"; };
		1D6058910D05DD3D006BFB54 /* TimeCards.app */ = {isa = PBXFileReference; explicitFileType = wrapper.application; includeInIndex = 0; path = TimeCards.app; sourceTree = BUILT_PRODUCTS_DIR; };
		1DF5F4DF0D08C38300B7A737 /* UIKit.framework */ = {isa = PBXFileReference; lastKnownFileType = wrapper.framework; name = UIKit.framework; path = System/Library/Frameworks/UIKit.framework; sourceTree = SDKROOT; };
		289ED5030DB92497003600B4 /* MyViewController.h */ = {isa = PBXFileReference; fileEncoding = 4; lastKnownFileType = sourcecode.c.h; path = MyViewController.h; sourceTree = "<group>"; };
		289ED5040DB92497003600B4 /* MyViewController.m */ = {isa = PBXFileReference; fileEncoding = 4; lastKnownFileType = sourcecode.c.objc; path = MyViewController.m; sourceTree = "<group>"; };
		29B97316FDCFA39411CA2CEA /* main.m */ = {isa = PBXFileReference; fileEncoding = 4; lastKnownFileType = sourcecode.c.objc; path = main.m; sourceTree = "<group>"; };
		32CA4F630368D1EE00C91783 /* TimeCards_Prefix.pch */ = {isa = PBXFileReference; fileEncoding = 4; lastKnownFileType = sourcecode.c.h; path = TimeCards_Prefix.pch; sourceTree = "<group>"; };
		8D1107310486CEB800E47090 /* Info.plist */ = {isa = PBXFileReference; fileEncoding = 4; lastKnownFileType = text.plist.xml; path = Info.plist; sourceTree = "<group>"; };
		E4A7C3C41962595400A99C46 /* View2.h */ = {isa = PBXFileReference; fileEncoding = 4; lastKnownFileType = sourcecode.c.h; path = View2.h; sourceTree = "<group>"; };
		E4A7C3C51962595400A99C46 /* View2.m */ = {isa = PBXFileReference; fileEncoding = 4; lastKnownFileType = sourcecode.c.objc; path = View2.m; sourceTree = "<group>"; };
		E4A7C3C61962595400A99C46 /* View2.xib */ = {isa = PBXFileReference; fileEncoding = 4; lastKnownFileType = file.xib; path = View2.xib; sourceTree = "<group>"; };
		E4A87DC5196CD16B006FAE74 /* View4.h */ = {isa = PBXFileReference; fileEncoding = 4; lastKnownFileType = sourcecode.c.h; path = View4.h; sourceTree = "<group>"; };
		E4A87DC6196CD16B006FAE74 /* View4.m */ = {isa = PBXFileReference; fileEncoding = 4; lastKnownFileType = sourcecode.c.objc; path = View4.m; sourceTree = "<group>"; };
		E4A87DC7196CD16B006FAE74 /* View4.xib */ = {isa = PBXFileReference; fileEncoding = 4; lastKnownFileType = file.xib; path = View4.xib; sourceTree = "<group>"; };
		E4A89F9C196395F6005D62DA /* Education_(Civ5).png */ = {isa = PBXFileReference; lastKnownFileType = image.png; path = "Education_(Civ5).png"; sourceTree = "<group>"; };
		E4A89F9D196395F6005D62DA /* q11115524.jpg */ = {isa = PBXFileReference; lastKnownFileType = image.jpeg; path = q11115524.jpg; sourceTree = "<group>"; };
		E4BC22E01966569F004504A0 /* View3.h */ = {isa = PBXFileReference; fileEncoding = 4; lastKnownFileType = sourcecode.c.h; path = View3.h; sourceTree = "<group>"; };
		E4BC22E11966569F004504A0 /* View3.m */ = {isa = PBXFileReference; fileEncoding = 4; lastKnownFileType = sourcecode.c.objc; path = View3.m; sourceTree = "<group>"; };
		E4BC22E21966569F004504A0 /* View3.xib */ = {isa = PBXFileReference; fileEncoding = 4; lastKnownFileType = file.xib; path = View3.xib; sourceTree = "<group>"; };
		E4C150251967E0F0009D7549 /* DataClass.h */ = {isa = PBXFileReference; fileEncoding = 4; lastKnownFileType = sourcecode.c.h; path = DataClass.h; sourceTree = "<group>"; };
		E4C150261967E0F0009D7549 /* DataClass.m */ = {isa = PBXFileReference; fileEncoding = 4; lastKnownFileType = sourcecode.c.objc; path = DataClass.m; sourceTree = "<group>"; };
/* End PBXFileReference section */

/* Begin PBXFrameworksBuildPhase section */
		1D60588F0D05DD3D006BFB54 /* Frameworks */ = {
			isa = PBXFrameworksBuildPhase;
			buildActionMask = 2147483647;
			files = (
				1D60589F0D05DD5A006BFB54 /* Foundation.framework in Frameworks */,
				1DF5F4E00D08C38300B7A737 /* UIKit.framework in Frameworks */,
			);
			runOnlyForDeploymentPostprocessing = 0;
		};
/* End PBXFrameworksBuildPhase section */

/* Begin PBXGroup section */
		080E96DDFE201D6D7F000001 /* Classes */ = {
			isa = PBXGroup;
			children = (
				1D3623240D0F684500981E51 /* TimeCardsAppDelegate.h */,
				1D3623250D0F684500981E51 /* TimeCardsAppDelegate.m */,
				289ED5030DB92497003600B4 /* MyViewController.h */,
				289ED5040DB92497003600B4 /* MyViewController.m */,
				E4A7C3C41962595400A99C46 /* View2.h */,
				E4A7C3C51962595400A99C46 /* View2.m */,
				E4A7C3C61962595400A99C46 /* View2.xib */,
				E4BC22E01966569F004504A0 /* View3.h */,
				E4BC22E11966569F004504A0 /* View3.m */,
				E4BC22E21966569F004504A0 /* View3.xib */,
				E4C150251967E0F0009D7549 /* DataClass.h */,
				E4C150261967E0F0009D7549 /* DataClass.m */,
				E4A87DC5196CD16B006FAE74 /* View4.h */,
				E4A87DC6196CD16B006FAE74 /* View4.m */,
				E4A87DC7196CD16B006FAE74 /* View4.xib */,
			);
			path = Classes;
			sourceTree = "<group>";
		};
		19C28FACFE9D520D11CA2CBB /* Products */ = {
			isa = PBXGroup;
			children = (
				1D6058910D05DD3D006BFB54 /* TimeCards.app */,
			);
			name = Products;
			sourceTree = "<group>";
		};
		29B97314FDCFA39411CA2CEA /* CustomTemplate */ = {
			isa = PBXGroup;
			children = (
				080E96DDFE201D6D7F000001 /* Classes */,
				29B97315FDCFA39411CA2CEA /* Other Sources */,
				29B97317FDCFA39411CA2CEA /* Resources */,
				29B97323FDCFA39411CA2CEA /* Frameworks */,
				19C28FACFE9D520D11CA2CBB /* Products */,
			);
			name = CustomTemplate;
			sourceTree = "<group>";
		};
		29B97315FDCFA39411CA2CEA /* Other Sources */ = {
			isa = PBXGroup;
			children = (
				32CA4F630368D1EE00C91783 /* TimeCards_Prefix.pch */,
				29B97316FDCFA39411CA2CEA /* main.m */,
			);
			name = "Other Sources";
			sourceTree = "<group>";
		};
		29B97317FDCFA39411CA2CEA /* Resources */ = {
			isa = PBXGroup;
			children = (
				E4A89F9C196395F6005D62DA /* Education_(Civ5).png */,
				E4A89F9D196395F6005D62DA /* q11115524.jpg */,
				1804550011D2CAB700C48934 /* TimeCards.xib */,
				1804550211D2CAB700C48934 /* MainWindow.xib */,
				8D1107310486CEB800E47090 /* Info.plist */,
			);
			name = Resources;
			sourceTree = "<group>";
		};
		29B97323FDCFA39411CA2CEA /* Frameworks */ = {
			isa = PBXGroup;
			children = (
				1DF5F4DF0D08C38300B7A737 /* UIKit.framework */,
				1D30AB110D05D00D00671497 /* Foundation.framework */,
			);
			name = Frameworks;
			sourceTree = "<group>";
		};
/* End PBXGroup section */

/* Begin PBXNativeTarget section */
		1D6058900D05DD3D006BFB54 /* TimeCards */ = {
			isa = PBXNativeTarget;
			buildConfigurationList = 1D6058960D05DD3E006BFB54 /* Build configuration list for PBXNativeTarget "TimeCards" */;
			buildPhases = (
				1D60588D0D05DD3D006BFB54 /* Resources */,
				1D60588E0D05DD3D006BFB54 /* Sources */,
				1D60588F0D05DD3D006BFB54 /* Frameworks */,
			);
			buildRules = (
			);
			dependencies = (
			);
			name = TimeCards;
			productName = HelloWorld;
			productReference = 1D6058910D05DD3D006BFB54 /* TimeCards.app */;
			productType = "com.apple.product-type.application";
		};
/* End PBXNativeTarget section */

/* Begin PBXProject section */
		29B97313FDCFA39411CA2CEA /* Project object */ = {
			isa = PBXProject;
			attributes = {
				LastUpgradeCheck = 0510;
			};
			buildConfigurationList = C01FCF4E08A954540054247B /* Build configuration list for PBXProject "TimeCards" */;
			compatibilityVersion = "Xcode 3.2";
			developmentRegion = English;
			hasScannedForEncodings = 1;
			knownRegions = (
				English,
				Japanese,
				French,
				German,
				en,
			);
			mainGroup = 29B97314FDCFA39411CA2CEA /* CustomTemplate */;
			projectDirPath = "";
			projectRoot = "";
			targets = (
				1D6058900D05DD3D006BFB54 /* TimeCards */,
			);
		};
/* End PBXProject section */

/* Begin PBXResourcesBuildPhase section */
		1D60588D0D05DD3D006BFB54 /* Resources */ = {
			isa = PBXResourcesBuildPhase;
			buildActionMask = 2147483647;
			files = (
				1804550411D2CAB700C48934 /* TimeCards.xib in Resources */,
				1804550511D2CAB700C48934 /* MainWindow.xib in Resources */,
				E4A89F9E196395F6005D62DA /* Education_(Civ5).png in Resources */,
				E4A7C3C81962595400A99C46 /* View2.xib in Resources */,
				E4A89F9F196395F6005D62DA /* q11115524.jpg in Resources */,
				E4BC22E41966569F004504A0 /* View3.xib in Resources */,
				E4A87DC9196CD16B006FAE74 /* View4.xib in Resources */,
			);
			runOnlyForDeploymentPostprocessing = 0;
		};
/* End PBXResourcesBuildPhase section */

/* Begin PBXSourcesBuildPhase section */
		1D60588E0D05DD3D006BFB54 /* Sources */ = {
			isa = PBXSourcesBuildPhase;
			buildActionMask = 2147483647;
			files = (
				E4C150271967E0F0009D7549 /* DataClass.m in Sources */,
				1D60589B0D05DD56006BFB54 /* main.m in Sources */,
				1D3623260D0F684500981E51 /* TimeCardsAppDelegate.m in Sources */,
				289ED5050DB92497003600B4 /* MyViewController.m in Sources */,
				E4A7C3C71962595400A99C46 /* View2.m in Sources */,
				E4BC22E31966569F004504A0 /* View3.m in Sources */,
				E4A87DC8196CD16B006FAE74 /* View4.m in Sources */,
			);
			runOnlyForDeploymentPostprocessing = 0;
		};
/* End PBXSourcesBuildPhase section */

/* Begin PBXVariantGroup section */
		1804550011D2CAB700C48934 /* TimeCards.xib */ = {
			isa = PBXVariantGroup;
			children = (
				1804550111D2CAB700C48934 /* en */,
			);
			name = TimeCards.xib;
			sourceTree = "<group>";
		};
		1804550211D2CAB700C48934 /* MainWindow.xib */ = {
			isa = PBXVariantGroup;
			children = (
				1804550311D2CAB700C48934 /* en */,
			);
			name = MainWindow.xib;
			sourceTree = "<group>";
		};
/* End PBXVariantGroup section */

/* Begin XCBuildConfiguration section */
		1D6058940D05DD3E006BFB54 /* Debug */ = {
			isa = XCBuildConfiguration;
			buildSettings = {
				ALWAYS_SEARCH_USER_PATHS = NO;
				COPY_PHASE_STRIP = NO;
				GCC_DYNAMIC_NO_PIC = NO;
				GCC_OPTIMIZATION_LEVEL = 0;
				GCC_PRECOMPILE_PREFIX_HEADER = YES;
				GCC_PREFIX_HEADER = TimeCards_Prefix.pch;
				INFOPLIST_FILE = Info.plist;
				PRODUCT_NAME = TimeCards;
			};
			name = Debug;
		};
		1D6058950D05DD3E006BFB54 /* Release */ = {
			isa = XCBuildConfiguration;
			buildSettings = {
				COPY_PHASE_STRIP = YES;
				GCC_PRECOMPILE_PREFIX_HEADER = YES;
				GCC_PREFIX_HEADER = TimeCards_Prefix.pch;
				INFOPLIST_FILE = Info.plist;
				PRODUCT_NAME = TimeCards;
			};
			name = Release;
		};
		C01FCF4F08A954540054247B /* Debug */ = {
			isa = XCBuildConfiguration;
			buildSettings = {
				"CODE_SIGN_IDENTITY[sdk=iphoneos*]" = "iPhone Developer";
				GCC_C_LANGUAGE_STANDARD = c99;
				GCC_WARN_ABOUT_RETURN_TYPE = YES;
				GCC_WARN_UNUSED_VARIABLE = YES;
				IPHONEOS_DEPLOYMENT_TARGET = 6.0;
				ONLY_ACTIVE_ARCH = YES;
				PREBINDING = NO;
				SDKROOT = iphoneos;
			};
			name = Debug;
		};
		C01FCF5008A954540054247B /* Release */ = {
			isa = XCBuildConfiguration;
			buildSettings = {
				ALWAYS_SEARCH_USER_PATHS = NO;
				"CODE_SIGN_IDENTITY[sdk=iphoneos*]" = "iPhone Developer";
				GCC_C_LANGUAGE_STANDARD = c99;
				GCC_WARN_ABOUT_RETURN_TYPE = YES;
				GCC_WARN_UNUSED_VARIABLE = YES;
				IPHONEOS_DEPLOYMENT_TARGET = 6.0;
				PREBINDING = NO;
				SDKROOT = iphoneos;
			};
			name = Release;
		};
/* End XCBuildConfiguration section */

/* Begin XCConfigurationList section */
		1D6058960D05DD3E006BFB54 /* Build configuration list for PBXNativeTarget "TimeCards" */ = {
			isa = XCConfigurationList;
			buildConfigurations = (
				1D6058940D05DD3E006BFB54 /* Debug */,
				1D6058950D05DD3E006BFB54 /* Release */,
			);
			defaultConfigurationIsVisible = 0;
			defaultConfigurationName = Release;
		};
		C01FCF4E08A954540054247B /* Build configuration list for PBXProject "TimeCards" */ = {
			isa = XCConfigurationList;
			buildConfigurations = (
				C01FCF4F08A954540054247B /* Debug */,
				C01FCF5008A954540054247B /* Release */,
			);
			defaultConfigurationIsVisible = 0;
			defaultConfigurationName = Release;
		};
/* End XCConfigurationList section */
	};
	rootObject = 29B97313FDCFA39411CA2CEA /* Project object */;
}
